
Microsoft Visual Studio Solution File, Format Version 12.00
# Visual Studio Version 16
VisualStudioVersion = 16.0.29709.97
MinimumVisualStudioVersion = 10.0.40219.1
Project("{9A19103F-16F7-4668-BE54-9A1E7A4F7556}") = "RecruitmentTask4", "RecruitmentTask\RecruitmentTask4.csproj", "{49D35A62-EF45-4B61-8CF3-6875CF07FAF5}"
EndProject
Project("{FAE04EC0-301F-11D3-BF4B-00C04F79EFBC}") = "RecruitmentTask5", "RecruitmentTask5\RecruitmentTask5.csproj", "{D53A0F9B-31F2-4613-9B79-A56436A15514}"
EndProject
Global
	GlobalSection(SolutionConfigurationPlatforms) = preSolution
		Debug|Any CPU = Debug|Any CPU
		Release|Any CPU = Release|Any CPU
	EndGlobalSection
	GlobalSection(ProjectConfigurationPlatforms) = postSolution
		{49D35A62-EF45-4B61-8CF3-6875CF07FAF5}.Debug|Any CPU.ActiveCfg = Debug|Any CPU
		{49D35A62-EF45-4B61-8CF3-6875CF07FAF5}.Debug|Any CPU.Build.0 = Debug|Any CPU
		{49D35A62-EF45-4B61-8CF3-6875CF07FAF5}.Release|Any CPU.ActiveCfg = Release|Any CPU
		{49D35A62-EF45-4B61-8CF3-6875CF07FAF5}.Release|Any CPU.Build.0 = Release|Any CPU
		{D53A0F9B-31F2-4613-9B79-A56436A15514}.Debug|Any CPU.ActiveCfg = Debug|Any CPU
		{D53A0F9B-31F2-4613-9B79-A56436A15514}.Debug|Any CPU.Build.0 = Debug|Any CPU
		{D53A0F9B-31F2-4613-9B79-A56436A15514}.Release|Any CPU.ActiveCfg = Release|Any CPU
		{D53A0F9B-31F2-4613-9B79-A56436A15514}.Release|Any CPU.Build.0 = Release|Any CPU
	EndGlobalSection
	GlobalSection(SolutionProperties) = preSolution
		HideSolutionNode = FALSE
	EndGlobalSection
	GlobalSection(ExtensibilityGlobals) = postSolution
		SolutionGuid = {CBFE7972-C79B-4CE8-9568-73D85D3F93DB}
	EndGlobalSection
EndGlobal
